// !$*UTF8*$!
{
	archiveVersion = 1;
	classes = {
	};
	objectVersion = 54;
	objects = {

/* Begin PBXBuildFile section */
		1B1902C124AA397D00F1E94B /* DeckCell.swift in Sources */ = {isa = PBXBuildFile; fileRef = 1B1902C024AA397D00F1E94B /* DeckCell.swift */; };
		1B1902C324AA46B000F1E94B /* AddDeckView.swift in Sources */ = {isa = PBXBuildFile; fileRef = 1B1902C224AA46B000F1E94B /* AddDeckView.swift */; };
		1B1902C524AA523D00F1E94B /* TextView.swift in Sources */ = {isa = PBXBuildFile; fileRef = 1B1902C424AA523D00F1E94B /* TextView.swift */; };
		1B1902C724AA906900F1E94B /* DirectionsSwiftUIView.swift in Sources */ = {isa = PBXBuildFile; fileRef = 1B1902C624AA906900F1E94B /* DirectionsSwiftUIView.swift */; };
		1B1902CD24AC7D9300F1E94B /* CardCell.swift in Sources */ = {isa = PBXBuildFile; fileRef = 1B1902CC24AC7D9300F1E94B /* CardCell.swift */; };
		1B1902D124AC866100F1E94B /* AddCardView.swift in Sources */ = {isa = PBXBuildFile; fileRef = 1B1902D024AC866100F1E94B /* AddCardView.swift */; };
		1B1902D324AC988200F1E94B /* DealResultSwiftUIView.swift in Sources */ = {isa = PBXBuildFile; fileRef = 1B1902D224AC988200F1E94B /* DealResultSwiftUIView.swift */; };
		1B1902D524ACDC4600F1E94B /* CheatPickerView.swift in Sources */ = {isa = PBXBuildFile; fileRef = 1B1902D424ACDC4600F1E94B /* CheatPickerView.swift */; };
		1B1902D824ADC8A400F1E94B /* FinalResultSwiftUIView.swift in Sources */ = {isa = PBXBuildFile; fileRef = 1B1902D724ADC8A300F1E94B /* FinalResultSwiftUIView.swift */; };
		1B206EC826B86D7F00B19F46 /* ColorManager.swift in Sources */ = {isa = PBXBuildFile; fileRef = 1B29CFFA254F5B4800406090 /* ColorManager.swift */; };
		1B206EC926B86DF300B19F46 /* Colors.xcassets in Resources */ = {isa = PBXBuildFile; fileRef = 1B29CFF7254F586E00406090 /* Colors.xcassets */; };
		1B206ECA26B86E2C00B19F46 /* Assets.xcassets in Resources */ = {isa = PBXBuildFile; fileRef = A9D58A7E22C4E4A000E608B8 /* Assets.xcassets */; };
		1B21A06724A73C3D00A56F34 /* Binding.swift in Sources */ = {isa = PBXBuildFile; fileRef = 1B21A06624A73C3D00A56F34 /* Binding.swift */; };
		1B29CFD9254A14A100406090 /* ActivityViewController.swift in Sources */ = {isa = PBXBuildFile; fileRef = 1B29CFD8254A14A100406090 /* ActivityViewController.swift */; };
		1B29CFEC254B5F8100406090 /* SettingsUIView.swift in Sources */ = {isa = PBXBuildFile; fileRef = 1B29CFEB254B5F8100406090 /* SettingsUIView.swift */; };
		1B29CFF8254F586E00406090 /* Colors.xcassets in Resources */ = {isa = PBXBuildFile; fileRef = 1B29CFF7254F586E00406090 /* Colors.xcassets */; };
		1B29CFFB254F5B4800406090 /* ColorManager.swift in Sources */ = {isa = PBXBuildFile; fileRef = 1B29CFFA254F5B4800406090 /* ColorManager.swift */; };
		1B2BA1FA251CE10A00CCABE9 /* CustomToggle.swift in Sources */ = {isa = PBXBuildFile; fileRef = 1B2BA1F9251CE10A00CCABE9 /* CustomToggle.swift */; };
		1B31DDC724BCC30E0014F318 /* DynamicTypeCustomFont.swift in Sources */ = {isa = PBXBuildFile; fileRef = 1B31DDC624BCC30E0014F318 /* DynamicTypeCustomFont.swift */; };
		1B31DDC924BCDB270014F318 /* ButtonStyle.swift in Sources */ = {isa = PBXBuildFile; fileRef = 1B31DDC824BCDB270014F318 /* ButtonStyle.swift */; };
		1B51FB3224A3974700F4E80F /* SavedResultsSwiftUIView.swift in Sources */ = {isa = PBXBuildFile; fileRef = 1B51FB3124A3974700F4E80F /* SavedResultsSwiftUIView.swift */; };
		1B51FB3F24A3E5DA00F4E80F /* StartSwiftUIView.swift in Sources */ = {isa = PBXBuildFile; fileRef = 1B51FB3E24A3E5DA00F4E80F /* StartSwiftUIView.swift */; };
		1B51FB4324A3F9CB00F4E80F /* DecksSwiftUIView.swift in Sources */ = {isa = PBXBuildFile; fileRef = 1B51FB4224A3F9CB00F4E80F /* DecksSwiftUIView.swift */; };
		1B51FB4724A4934000F4E80F /* ThemeManager.swift in Sources */ = {isa = PBXBuildFile; fileRef = 1B51FB4624A4934000F4E80F /* ThemeManager.swift */; };
		1B5479B42A1D65020093D5C2 /* ContentView.swift in Sources */ = {isa = PBXBuildFile; fileRef = 1B5479B32A1D65020093D5C2 /* ContentView.swift */; };
		1B5479B62A1D653C0093D5C2 /* AppTabNavigation.swift in Sources */ = {isa = PBXBuildFile; fileRef = 1B5479B52A1D653C0093D5C2 /* AppTabNavigation.swift */; };
		1B5479B82A1F9A740093D5C2 /* SuitsView.swift in Sources */ = {isa = PBXBuildFile; fileRef = 1B5479B72A1F9A740093D5C2 /* SuitsView.swift */; };
		1B6437552A1D488F002BC3D5 /* DecisionPokerApp.swift in Sources */ = {isa = PBXBuildFile; fileRef = 1B6437542A1D488E002BC3D5 /* DecisionPokerApp.swift */; };
		1B6437772A1D4C94002BC3D5 /* Persistence.swift in Sources */ = {isa = PBXBuildFile; fileRef = 1B6437762A1D4C94002BC3D5 /* Persistence.swift */; };
		1B68D03F24A64D86004B02F2 /* CardsSwiftUIView.swift in Sources */ = {isa = PBXBuildFile; fileRef = 1B68D03E24A64D86004B02F2 /* CardsSwiftUIView.swift */; };
		1B7F908C22D34F2100812BE4 /* Card+CoreDataClass.swift in Sources */ = {isa = PBXBuildFile; fileRef = 1B7F908422D34F2100812BE4 /* Card+CoreDataClass.swift */; };
		1B7F908D22D34F2100812BE4 /* Card+CoreDataProperties.swift in Sources */ = {isa = PBXBuildFile; fileRef = 1B7F908522D34F2100812BE4 /* Card+CoreDataProperties.swift */; };
		1B7F908E22D34F2100812BE4 /* SavedDeck+CoreDataClass.swift in Sources */ = {isa = PBXBuildFile; fileRef = 1B7F908622D34F2100812BE4 /* SavedDeck+CoreDataClass.swift */; };
		1B7F908F22D34F2100812BE4 /* SavedDeck+CoreDataProperties.swift in Sources */ = {isa = PBXBuildFile; fileRef = 1B7F908722D34F2100812BE4 /* SavedDeck+CoreDataProperties.swift */; };
		1B7F909022D34F2100812BE4 /* SavedCard+CoreDataClass.swift in Sources */ = {isa = PBXBuildFile; fileRef = 1B7F908822D34F2100812BE4 /* SavedCard+CoreDataClass.swift */; };
		1B7F909122D34F2100812BE4 /* SavedCard+CoreDataProperties.swift in Sources */ = {isa = PBXBuildFile; fileRef = 1B7F908922D34F2100812BE4 /* SavedCard+CoreDataProperties.swift */; };
		1B7F909222D34F2100812BE4 /* Deck+CoreDataClass.swift in Sources */ = {isa = PBXBuildFile; fileRef = 1B7F908A22D34F2100812BE4 /* Deck+CoreDataClass.swift */; };
		1B7F909322D34F2100812BE4 /* Deck+CoreDataProperties.swift in Sources */ = {isa = PBXBuildFile; fileRef = 1B7F908B22D34F2100812BE4 /* Deck+CoreDataProperties.swift */; };
		1B96E50C251A9081007420F2 /* dismissKeyboardExtension.swift in Sources */ = {isa = PBXBuildFile; fileRef = 1B96E50B251A9081007420F2 /* dismissKeyboardExtension.swift */; };
		1B9F59C422E8F054009B5129 /* InfoPlist.strings in Resources */ = {isa = PBXBuildFile; fileRef = 1B9F59C222E8F054009B5129 /* InfoPlist.strings */; };
		1B9F59C722E8F054009B5129 /* Localizable.strings in Resources */ = {isa = PBXBuildFile; fileRef = 1B9F59C522E8F054009B5129 /* Localizable.strings */; };
		1BD5E39526CD40B30051D76A /* saveJSON.swift in Sources */ = {isa = PBXBuildFile; fileRef = 1BD5E39426CD40B30051D76A /* saveJSON.swift */; };
		1BD5E39726CD4A1C0051D76A /* decision.swift in Sources */ = {isa = PBXBuildFile; fileRef = 1BDC63BD266AA8A500C5CA01 /* decision.swift */; };
		1BDC638F2666C97300C5CA01 /* WidgetKit.framework in Frameworks */ = {isa = PBXBuildFile; fileRef = 1BDC638E2666C97300C5CA01 /* WidgetKit.framework */; };
		1BDC63912666C97300C5CA01 /* SwiftUI.framework in Frameworks */ = {isa = PBXBuildFile; fileRef = 1BDC63902666C97300C5CA01 /* SwiftUI.framework */; };
		1BDC63942666C97300C5CA01 /* DecisionPokerWidget.swift in Sources */ = {isa = PBXBuildFile; fileRef = 1BDC63932666C97300C5CA01 /* DecisionPokerWidget.swift */; };
		1BDC63972666C97600C5CA01 /* Assets.xcassets in Resources */ = {isa = PBXBuildFile; fileRef = 1BDC63962666C97600C5CA01 /* Assets.xcassets */; };
		1BDC63992666C97600C5CA01 /* DecisionPokerWidget.intentdefinition in Sources */ = {isa = PBXBuildFile; fileRef = 1BDC63952666C97300C5CA01 /* DecisionPokerWidget.intentdefinition */; };
		1BDC639A2666C97600C5CA01 /* DecisionPokerWidget.intentdefinition in Sources */ = {isa = PBXBuildFile; fileRef = 1BDC63952666C97300C5CA01 /* DecisionPokerWidget.intentdefinition */; };
		1BDC639D2666C97600C5CA01 /* DecisionPokerWidgetExtension.appex in Embed Foundation Extensions */ = {isa = PBXBuildFile; fileRef = 1BDC638C2666C97300C5CA01 /* DecisionPokerWidgetExtension.appex */; settings = {ATTRIBUTES = (RemoveHeadersOnCopy, ); }; };
		1BDC63AE266977D000C5CA01 /* DecisionPoker.xcdatamodeld in Sources */ = {isa = PBXBuildFile; fileRef = A9D58A7B22C4E49F00E608B8 /* DecisionPoker.xcdatamodeld */; };
		1BDC63BE266AA8A500C5CA01 /* decision.swift in Sources */ = {isa = PBXBuildFile; fileRef = 1BDC63BD266AA8A500C5CA01 /* decision.swift */; };
		1BF3D14325698309003A9246 /* MailView.swift in Sources */ = {isa = PBXBuildFile; fileRef = 1BF3D14225698309003A9246 /* MailView.swift */; };
		A98F9F8D22D72A8A00C14787 /* FontSetup.swift in Sources */ = {isa = PBXBuildFile; fileRef = A98F9F8C22D72A8A00C14787 /* FontSetup.swift */; };
		A9D58A7D22C4E49F00E608B8 /* DecisionPoker.xcdatamodeld in Sources */ = {isa = PBXBuildFile; fileRef = A9D58A7B22C4E49F00E608B8 /* DecisionPoker.xcdatamodeld */; };
		A9D58A7F22C4E4A000E608B8 /* Assets.xcassets in Resources */ = {isa = PBXBuildFile; fileRef = A9D58A7E22C4E4A000E608B8 /* Assets.xcassets */; };
/* End PBXBuildFile section */

/* Begin PBXContainerItemProxy section */
		1BDC639B2666C97600C5CA01 /* PBXContainerItemProxy */ = {
			isa = PBXContainerItemProxy;
			containerPortal = A9D58A6922C4E49F00E608B8 /* Project object */;
			proxyType = 1;
			remoteGlobalIDString = 1BDC638B2666C97300C5CA01;
			remoteInfo = DecisionPokerWidgetExtension;
		};
/* End PBXContainerItemProxy section */

/* Begin PBXCopyFilesBuildPhase section */
		1BDC639E2666C97600C5CA01 /* Embed Foundation Extensions */ = {
			isa = PBXCopyFilesBuildPhase;
			buildActionMask = 2147483647;
			dstPath = "";
			dstSubfolderSpec = 13;
			files = (
				1BDC639D2666C97600C5CA01 /* DecisionPokerWidgetExtension.appex in Embed Foundation Extensions */,
			);
			name = "Embed Foundation Extensions";
			runOnlyForDeploymentPostprocessing = 0;
		};
/* End PBXCopyFilesBuildPhase section */

/* Begin PBXFileReference section */
		1B1902C024AA397D00F1E94B /* DeckCell.swift */ = {isa = PBXFileReference; lastKnownFileType = sourcecode.swift; path = DeckCell.swift; sourceTree = "<group>"; };
		1B1902C224AA46B000F1E94B /* AddDeckView.swift */ = {isa = PBXFileReference; lastKnownFileType = sourcecode.swift; path = AddDeckView.swift; sourceTree = "<group>"; };
		1B1902C424AA523D00F1E94B /* TextView.swift */ = {isa = PBXFileReference; lastKnownFileType = sourcecode.swift; path = TextView.swift; sourceTree = "<group>"; };
		1B1902C624AA906900F1E94B /* DirectionsSwiftUIView.swift */ = {isa = PBXFileReference; lastKnownFileType = sourcecode.swift; path = DirectionsSwiftUIView.swift; sourceTree = "<group>"; };
		1B1902CC24AC7D9300F1E94B /* CardCell.swift */ = {isa = PBXFileReference; lastKnownFileType = sourcecode.swift; path = CardCell.swift; sourceTree = "<group>"; };
		1B1902D024AC866100F1E94B /* AddCardView.swift */ = {isa = PBXFileReference; lastKnownFileType = sourcecode.swift; path = AddCardView.swift; sourceTree = "<group>"; };
		1B1902D224AC988200F1E94B /* DealResultSwiftUIView.swift */ = {isa = PBXFileReference; lastKnownFileType = sourcecode.swift; path = DealResultSwiftUIView.swift; sourceTree = "<group>"; };
		1B1902D424ACDC4600F1E94B /* CheatPickerView.swift */ = {isa = PBXFileReference; lastKnownFileType = sourcecode.swift; path = CheatPickerView.swift; sourceTree = "<group>"; };
		1B1902D724ADC8A300F1E94B /* FinalResultSwiftUIView.swift */ = {isa = PBXFileReference; lastKnownFileType = sourcecode.swift; path = FinalResultSwiftUIView.swift; sourceTree = "<group>"; };
		1B21A06624A73C3D00A56F34 /* Binding.swift */ = {isa = PBXFileReference; lastKnownFileType = sourcecode.swift; path = Binding.swift; sourceTree = "<group>"; };
		1B29CFD8254A14A100406090 /* ActivityViewController.swift */ = {isa = PBXFileReference; lastKnownFileType = sourcecode.swift; path = ActivityViewController.swift; sourceTree = "<group>"; };
		1B29CFEB254B5F8100406090 /* SettingsUIView.swift */ = {isa = PBXFileReference; lastKnownFileType = sourcecode.swift; path = SettingsUIView.swift; sourceTree = "<group>"; };
		1B29CFF7254F586E00406090 /* Colors.xcassets */ = {isa = PBXFileReference; lastKnownFileType = folder.assetcatalog; path = Colors.xcassets; sourceTree = "<group>"; };
		1B29CFFA254F5B4800406090 /* ColorManager.swift */ = {isa = PBXFileReference; lastKnownFileType = sourcecode.swift; path = ColorManager.swift; sourceTree = "<group>"; };
		1B2BA1F9251CE10A00CCABE9 /* CustomToggle.swift */ = {isa = PBXFileReference; lastKnownFileType = sourcecode.swift; path = CustomToggle.swift; sourceTree = "<group>"; };
		1B31DDC624BCC30E0014F318 /* DynamicTypeCustomFont.swift */ = {isa = PBXFileReference; lastKnownFileType = sourcecode.swift; path = DynamicTypeCustomFont.swift; sourceTree = "<group>"; };
		1B31DDC824BCDB270014F318 /* ButtonStyle.swift */ = {isa = PBXFileReference; lastKnownFileType = sourcecode.swift; path = ButtonStyle.swift; sourceTree = "<group>"; };
		1B51FB2824A391E200F4E80F /* DecisionPoker 2.xcdatamodel */ = {isa = PBXFileReference; lastKnownFileType = wrapper.xcdatamodel; path = "DecisionPoker 2.xcdatamodel"; sourceTree = "<group>"; };
		1B51FB3124A3974700F4E80F /* SavedResultsSwiftUIView.swift */ = {isa = PBXFileReference; lastKnownFileType = sourcecode.swift; path = SavedResultsSwiftUIView.swift; sourceTree = "<group>"; };
		1B51FB3E24A3E5DA00F4E80F /* StartSwiftUIView.swift */ = {isa = PBXFileReference; lastKnownFileType = sourcecode.swift; path = StartSwiftUIView.swift; sourceTree = "<group>"; };
		1B51FB4224A3F9CB00F4E80F /* DecksSwiftUIView.swift */ = {isa = PBXFileReference; lastKnownFileType = sourcecode.swift; path = DecksSwiftUIView.swift; sourceTree = "<group>"; };
		1B51FB4624A4934000F4E80F /* ThemeManager.swift */ = {isa = PBXFileReference; lastKnownFileType = sourcecode.swift; path = ThemeManager.swift; sourceTree = "<group>"; };
		1B5479B32A1D65020093D5C2 /* ContentView.swift */ = {isa = PBXFileReference; lastKnownFileType = sourcecode.swift; path = ContentView.swift; sourceTree = "<group>"; };
		1B5479B52A1D653C0093D5C2 /* AppTabNavigation.swift */ = {isa = PBXFileReference; lastKnownFileType = sourcecode.swift; path = AppTabNavigation.swift; sourceTree = "<group>"; };
		1B5479B72A1F9A740093D5C2 /* SuitsView.swift */ = {isa = PBXFileReference; lastKnownFileType = sourcecode.swift; path = SuitsView.swift; sourceTree = "<group>"; };
		1B6437542A1D488E002BC3D5 /* DecisionPokerApp.swift */ = {isa = PBXFileReference; lastKnownFileType = sourcecode.swift; path = DecisionPokerApp.swift; sourceTree = "<group>"; };
		1B6437762A1D4C94002BC3D5 /* Persistence.swift */ = {isa = PBXFileReference; lastKnownFileType = sourcecode.swift; path = Persistence.swift; sourceTree = "<group>"; };
		1B68D03E24A64D86004B02F2 /* CardsSwiftUIView.swift */ = {isa = PBXFileReference; lastKnownFileType = sourcecode.swift; path = CardsSwiftUIView.swift; sourceTree = "<group>"; };
		1B7CCD2522EB4A8F00999AEA /* en */ = {isa = PBXFileReference; lastKnownFileType = text.plist.strings; name = en; path = en.lproj/Localizable.strings; sourceTree = "<group>"; };
		1B7F908422D34F2100812BE4 /* Card+CoreDataClass.swift */ = {isa = PBXFileReference; lastKnownFileType = sourcecode.swift; path = "Card+CoreDataClass.swift"; sourceTree = "<group>"; };
		1B7F908522D34F2100812BE4 /* Card+CoreDataProperties.swift */ = {isa = PBXFileReference; lastKnownFileType = sourcecode.swift; path = "Card+CoreDataProperties.swift"; sourceTree = "<group>"; };
		1B7F908622D34F2100812BE4 /* SavedDeck+CoreDataClass.swift */ = {isa = PBXFileReference; lastKnownFileType = sourcecode.swift; path = "SavedDeck+CoreDataClass.swift"; sourceTree = "<group>"; };
		1B7F908722D34F2100812BE4 /* SavedDeck+CoreDataProperties.swift */ = {isa = PBXFileReference; lastKnownFileType = sourcecode.swift; path = "SavedDeck+CoreDataProperties.swift"; sourceTree = "<group>"; };
		1B7F908822D34F2100812BE4 /* SavedCard+CoreDataClass.swift */ = {isa = PBXFileReference; lastKnownFileType = sourcecode.swift; path = "SavedCard+CoreDataClass.swift"; sourceTree = "<group>"; };
		1B7F908922D34F2100812BE4 /* SavedCard+CoreDataProperties.swift */ = {isa = PBXFileReference; lastKnownFileType = sourcecode.swift; path = "SavedCard+CoreDataProperties.swift"; sourceTree = "<group>"; };
		1B7F908A22D34F2100812BE4 /* Deck+CoreDataClass.swift */ = {isa = PBXFileReference; lastKnownFileType = sourcecode.swift; path = "Deck+CoreDataClass.swift"; sourceTree = "<group>"; };
		1B7F908B22D34F2100812BE4 /* Deck+CoreDataProperties.swift */ = {isa = PBXFileReference; lastKnownFileType = sourcecode.swift; path = "Deck+CoreDataProperties.swift"; sourceTree = "<group>"; };
		1B96E50B251A9081007420F2 /* dismissKeyboardExtension.swift */ = {isa = PBXFileReference; lastKnownFileType = sourcecode.swift; path = dismissKeyboardExtension.swift; sourceTree = "<group>"; };
		1B9F59C322E8F054009B5129 /* de */ = {isa = PBXFileReference; lastKnownFileType = text.plist.strings; name = de; path = de.lproj/InfoPlist.strings; sourceTree = "<group>"; };
		1B9F59C622E8F054009B5129 /* de */ = {isa = PBXFileReference; lastKnownFileType = text.plist.strings; name = de; path = de.lproj/Localizable.strings; sourceTree = "<group>"; };
		1BD5E39426CD40B30051D76A /* saveJSON.swift */ = {isa = PBXFileReference; lastKnownFileType = sourcecode.swift; path = saveJSON.swift; sourceTree = "<group>"; };
		1BD5E39926CDACDF0051D76A /* DecisionPoker.entitlements */ = {isa = PBXFileReference; lastKnownFileType = text.plist.entitlements; path = DecisionPoker.entitlements; sourceTree = "<group>"; };
		1BD5E39A26CDAE2A0051D76A /* DecisionPokerWidgetExtension.entitlements */ = {isa = PBXFileReference; lastKnownFileType = text.plist.entitlements; path = DecisionPokerWidgetExtension.entitlements; sourceTree = "<group>"; };
		1BDC638C2666C97300C5CA01 /* DecisionPokerWidgetExtension.appex */ = {isa = PBXFileReference; explicitFileType = "wrapper.app-extension"; includeInIndex = 0; path = DecisionPokerWidgetExtension.appex; sourceTree = BUILT_PRODUCTS_DIR; };
		1BDC638E2666C97300C5CA01 /* WidgetKit.framework */ = {isa = PBXFileReference; lastKnownFileType = wrapper.framework; name = WidgetKit.framework; path = System/Library/Frameworks/WidgetKit.framework; sourceTree = SDKROOT; };
		1BDC63902666C97300C5CA01 /* SwiftUI.framework */ = {isa = PBXFileReference; lastKnownFileType = wrapper.framework; name = SwiftUI.framework; path = System/Library/Frameworks/SwiftUI.framework; sourceTree = SDKROOT; };
		1BDC63932666C97300C5CA01 /* DecisionPokerWidget.swift */ = {isa = PBXFileReference; lastKnownFileType = sourcecode.swift; path = DecisionPokerWidget.swift; sourceTree = "<group>"; };
		1BDC63952666C97300C5CA01 /* DecisionPokerWidget.intentdefinition */ = {isa = PBXFileReference; lastKnownFileType = file.intentdefinition; path = DecisionPokerWidget.intentdefinition; sourceTree = "<group>"; };
		1BDC63962666C97600C5CA01 /* Assets.xcassets */ = {isa = PBXFileReference; lastKnownFileType = folder.assetcatalog; path = Assets.xcassets; sourceTree = "<group>"; };
		1BDC63982666C97600C5CA01 /* Info.plist */ = {isa = PBXFileReference; lastKnownFileType = text.plist.xml; path = Info.plist; sourceTree = "<group>"; };
		1BDC63BD266AA8A500C5CA01 /* decision.swift */ = {isa = PBXFileReference; lastKnownFileType = sourcecode.swift; path = decision.swift; sourceTree = "<group>"; };
		1BE92A30284F967000464219 /* macOS.entitlements */ = {isa = PBXFileReference; lastKnownFileType = text.plist.entitlements; path = macOS.entitlements; sourceTree = "<group>"; };
		1BF3D14225698309003A9246 /* MailView.swift */ = {isa = PBXFileReference; lastKnownFileType = sourcecode.swift; path = MailView.swift; sourceTree = "<group>"; };
		A98F9F8C22D72A8A00C14787 /* FontSetup.swift */ = {isa = PBXFileReference; lastKnownFileType = sourcecode.swift; path = FontSetup.swift; sourceTree = "<group>"; };
		A9D58A7122C4E49F00E608B8 /* DecisionPoker.app */ = {isa = PBXFileReference; explicitFileType = wrapper.application; includeInIndex = 0; path = DecisionPoker.app; sourceTree = BUILT_PRODUCTS_DIR; };
		A9D58A7C22C4E49F00E608B8 /* DecisionPoker.xcdatamodel */ = {isa = PBXFileReference; lastKnownFileType = wrapper.xcdatamodel; path = DecisionPoker.xcdatamodel; sourceTree = "<group>"; };
		A9D58A7E22C4E4A000E608B8 /* Assets.xcassets */ = {isa = PBXFileReference; lastKnownFileType = folder.assetcatalog; path = Assets.xcassets; sourceTree = "<group>"; };
		A9D58A8322C4E4A000E608B8 /* Info.plist */ = {isa = PBXFileReference; lastKnownFileType = text.plist.xml; path = Info.plist; sourceTree = "<group>"; };
/* End PBXFileReference section */

/* Begin PBXFrameworksBuildPhase section */
		1BDC63892666C97300C5CA01 /* Frameworks */ = {
			isa = PBXFrameworksBuildPhase;
			buildActionMask = 2147483647;
			files = (
				1BDC63912666C97300C5CA01 /* SwiftUI.framework in Frameworks */,
				1BDC638F2666C97300C5CA01 /* WidgetKit.framework in Frameworks */,
			);
			runOnlyForDeploymentPostprocessing = 0;
		};
		A9D58A6E22C4E49F00E608B8 /* Frameworks */ = {
			isa = PBXFrameworksBuildPhase;
			buildActionMask = 2147483647;
			files = (
			);
			runOnlyForDeploymentPostprocessing = 0;
		};
/* End PBXFrameworksBuildPhase section */

/* Begin PBXGroup section */
		1B31DDCA24BCDF710014F318 /* Settings */ = {
			isa = PBXGroup;
			children = (
				1B21A06624A73C3D00A56F34 /* Binding.swift */,
				1B31DDC824BCDB270014F318 /* ButtonStyle.swift */,
				1B51FB4624A4934000F4E80F /* ThemeManager.swift */,
				1B29CFFA254F5B4800406090 /* ColorManager.swift */,
				1B31DDC624BCC30E0014F318 /* DynamicTypeCustomFont.swift */,
			);
			path = Settings;
			sourceTree = "<group>";
		};
		1B51FB3B24A3D74700F4E80F /* Start */ = {
			isa = PBXGroup;
			children = (
				1B51FB3E24A3E5DA00F4E80F /* StartSwiftUIView.swift */,
				1B5479B32A1D65020093D5C2 /* ContentView.swift */,
				1B5479B52A1D653C0093D5C2 /* AppTabNavigation.swift */,
				1B29CFEB254B5F8100406090 /* SettingsUIView.swift */,
				1BF3D14225698309003A9246 /* MailView.swift */,
			);
			path = Start;
			sourceTree = "<group>";
		};
		1B7F907222D33F5500812BE4 /* Core Data */ = {
			isa = PBXGroup;
			children = (
				1B7F908422D34F2100812BE4 /* Card+CoreDataClass.swift */,
				1B7F908522D34F2100812BE4 /* Card+CoreDataProperties.swift */,
				1B7F908622D34F2100812BE4 /* SavedDeck+CoreDataClass.swift */,
				1B7F908722D34F2100812BE4 /* SavedDeck+CoreDataProperties.swift */,
				1B7F908822D34F2100812BE4 /* SavedCard+CoreDataClass.swift */,
				1B7F908922D34F2100812BE4 /* SavedCard+CoreDataProperties.swift */,
				A9D58A7B22C4E49F00E608B8 /* DecisionPoker.xcdatamodeld */,
				1B7F908A22D34F2100812BE4 /* Deck+CoreDataClass.swift */,
				1B7F908B22D34F2100812BE4 /* Deck+CoreDataProperties.swift */,
			);
			path = "Core Data";
			sourceTree = "<group>";
		};
		1B7F907322D33FC700812BE4 /* Final Result */ = {
			isa = PBXGroup;
			children = (
				1BDC63BD266AA8A500C5CA01 /* decision.swift */,
				1BD5E39426CD40B30051D76A /* saveJSON.swift */,
				1B29CFD8254A14A100406090 /* ActivityViewController.swift */,
				1B1902D724ADC8A300F1E94B /* FinalResultSwiftUIView.swift */,
				1B51FB3124A3974700F4E80F /* SavedResultsSwiftUIView.swift */,
			);
			path = "Final Result";
			sourceTree = "<group>";
		};
		1B7F907422D33FDC00812BE4 /* Decks */ = {
			isa = PBXGroup;
			children = (
				1B51FB4224A3F9CB00F4E80F /* DecksSwiftUIView.swift */,
				1B1902C224AA46B000F1E94B /* AddDeckView.swift */,
				1B1902C024AA397D00F1E94B /* DeckCell.swift */,
				1B1902C424AA523D00F1E94B /* TextView.swift */,
				1B5479B72A1F9A740093D5C2 /* SuitsView.swift */,
			);
			path = Decks;
			sourceTree = "<group>";
		};
		1B7F907522D3400200812BE4 /* Cards */ = {
			isa = PBXGroup;
			children = (
				1B68D03E24A64D86004B02F2 /* CardsSwiftUIView.swift */,
				1B1902CC24AC7D9300F1E94B /* CardCell.swift */,
				1B2BA1F9251CE10A00CCABE9 /* CustomToggle.swift */,
				1B1902D024AC866100F1E94B /* AddCardView.swift */,
			);
			path = Cards;
			sourceTree = "<group>";
		};
		1B7F907622D3406400812BE4 /* other */ = {
			isa = PBXGroup;
			children = (
				1B6437762A1D4C94002BC3D5 /* Persistence.swift */,
				1B1902C624AA906900F1E94B /* DirectionsSwiftUIView.swift */,
				A98F9F8C22D72A8A00C14787 /* FontSetup.swift */,
				1B96E50B251A9081007420F2 /* dismissKeyboardExtension.swift */,
			);
			path = other;
			sourceTree = "<group>";
		};
		1B7F907722D3408400812BE4 /* Deal */ = {
			isa = PBXGroup;
			children = (
				1B1902D224AC988200F1E94B /* DealResultSwiftUIView.swift */,
				1B1902D424ACDC4600F1E94B /* CheatPickerView.swift */,
			);
			path = Deal;
			sourceTree = "<group>";
		};
		1BDC638D2666C97300C5CA01 /* Frameworks */ = {
			isa = PBXGroup;
			children = (
				1BDC638E2666C97300C5CA01 /* WidgetKit.framework */,
				1BDC63902666C97300C5CA01 /* SwiftUI.framework */,
			);
			name = Frameworks;
			sourceTree = "<group>";
		};
		1BDC63922666C97300C5CA01 /* DecisionPokerWidget */ = {
			isa = PBXGroup;
			children = (
				1BDC63932666C97300C5CA01 /* DecisionPokerWidget.swift */,
				1BDC63952666C97300C5CA01 /* DecisionPokerWidget.intentdefinition */,
				1BDC63962666C97600C5CA01 /* Assets.xcassets */,
				1BDC63982666C97600C5CA01 /* Info.plist */,
			);
			path = DecisionPokerWidget;
			sourceTree = "<group>";
		};
		1BE92A21284F966E00464219 /* Shared */ = {
			isa = PBXGroup;
			children = (
			);
			path = Shared;
			sourceTree = "<group>";
		};
		1BE92A2F284F967000464219 /* macOS */ = {
			isa = PBXGroup;
			children = (
				1BE92A30284F967000464219 /* macOS.entitlements */,
			);
			path = macOS;
			sourceTree = "<group>";
		};
		1BE92A38284F967000464219 /* Tests iOS */ = {
			isa = PBXGroup;
			children = (
			);
			path = "Tests iOS";
			sourceTree = "<group>";
		};
		1BE92A44284F967000464219 /* Tests macOS */ = {
			isa = PBXGroup;
			children = (
			);
			path = "Tests macOS";
			sourceTree = "<group>";
		};
		A9D58A6822C4E49F00E608B8 = {
			isa = PBXGroup;
			children = (
				1BD5E39A26CDAE2A0051D76A /* DecisionPokerWidgetExtension.entitlements */,
				A9D58A7322C4E49F00E608B8 /* DecisionPoker */,
				1BDC63922666C97300C5CA01 /* DecisionPokerWidget */,
				1BE92A21284F966E00464219 /* Shared */,
				1BE92A2F284F967000464219 /* macOS */,
				1BE92A38284F967000464219 /* Tests iOS */,
				1BE92A44284F967000464219 /* Tests macOS */,
				1BDC638D2666C97300C5CA01 /* Frameworks */,
				A9D58A7222C4E49F00E608B8 /* Products */,
			);
			sourceTree = "<group>";
		};
		A9D58A7222C4E49F00E608B8 /* Products */ = {
			isa = PBXGroup;
			children = (
				A9D58A7122C4E49F00E608B8 /* DecisionPoker.app */,
				1BDC638C2666C97300C5CA01 /* DecisionPokerWidgetExtension.appex */,
			);
			name = Products;
			sourceTree = "<group>";
		};
		A9D58A7322C4E49F00E608B8 /* DecisionPoker */ = {
			isa = PBXGroup;
			children = (
				1BD5E39926CDACDF0051D76A /* DecisionPoker.entitlements */,
				1B7F907222D33F5500812BE4 /* Core Data */,
				1B6437542A1D488E002BC3D5 /* DecisionPokerApp.swift */,
				1B31DDCA24BCDF710014F318 /* Settings */,
				1B51FB3B24A3D74700F4E80F /* Start */,
				1B7F907422D33FDC00812BE4 /* Decks */,
				1B7F907522D3400200812BE4 /* Cards */,
				1B7F907722D3408400812BE4 /* Deal */,
				1B7F907322D33FC700812BE4 /* Final Result */,
				1B7F907622D3406400812BE4 /* other */,
				A9D58A7E22C4E4A000E608B8 /* Assets.xcassets */,
				1B29CFF7254F586E00406090 /* Colors.xcassets */,
				A9D58A8322C4E4A000E608B8 /* Info.plist */,
				1B9F59C522E8F054009B5129 /* Localizable.strings */,
				1B9F59C222E8F054009B5129 /* InfoPlist.strings */,
			);
			path = DecisionPoker;
			sourceTree = "<group>";
		};
/* End PBXGroup section */

/* Begin PBXNativeTarget section */
		1BDC638B2666C97300C5CA01 /* DecisionPokerWidgetExtension */ = {
			isa = PBXNativeTarget;
			buildConfigurationList = 1BDC63A12666C97600C5CA01 /* Build configuration list for PBXNativeTarget "DecisionPokerWidgetExtension" */;
			buildPhases = (
				1BDC63882666C97300C5CA01 /* Sources */,
				1BDC63892666C97300C5CA01 /* Frameworks */,
				1BDC638A2666C97300C5CA01 /* Resources */,
			);
			buildRules = (
			);
			dependencies = (
			);
			name = DecisionPokerWidgetExtension;
			productName = DecisionPokerWidgetExtension;
			productReference = 1BDC638C2666C97300C5CA01 /* DecisionPokerWidgetExtension.appex */;
			productType = "com.apple.product-type.app-extension";
		};
		A9D58A7022C4E49F00E608B8 /* DecisionPoker */ = {
			isa = PBXNativeTarget;
			buildConfigurationList = A9D58A9C22C4E4A000E608B8 /* Build configuration list for PBXNativeTarget "DecisionPoker" */;
			buildPhases = (
				1B33709422EA163300F6BD8D /* ShellScript */,
				A9D58A6D22C4E49F00E608B8 /* Sources */,
				A9D58A6E22C4E49F00E608B8 /* Frameworks */,
				A9D58A6F22C4E49F00E608B8 /* Resources */,
				1BDC639E2666C97600C5CA01 /* Embed Foundation Extensions */,
			);
			buildRules = (
			);
			dependencies = (
				1BDC639C2666C97600C5CA01 /* PBXTargetDependency */,
			);
			name = DecisionPoker;
			packageProductDependencies = (
			);
			productName = DecisionPoker;
			productReference = A9D58A7122C4E49F00E608B8 /* DecisionPoker.app */;
			productType = "com.apple.product-type.application";
		};
/* End PBXNativeTarget section */

/* Begin PBXProject section */
		A9D58A6922C4E49F00E608B8 /* Project object */ = {
			isa = PBXProject;
			attributes = {
				BuildIndependentTargetsInParallel = YES;
				LastSwiftUpdateCheck = 1340;
				LastUpgradeCheck = 1430;
				ORGANIZATIONNAME = "Jodi Szarko";
				TargetAttributes = {
					1BDC638B2666C97300C5CA01 = {
						CreatedOnToolsVersion = 12.4;
					};
					A9D58A7022C4E49F00E608B8 = {
						CreatedOnToolsVersion = 10.1;
						LastSwiftMigration = 1150;
					};
				};
			};
			buildConfigurationList = A9D58A6C22C4E49F00E608B8 /* Build configuration list for PBXProject "DecisionPoker" */;
			compatibilityVersion = "Xcode 12.0";
			developmentRegion = en;
			hasScannedForEncodings = 0;
			knownRegions = (
				en,
				Base,
				de,
			);
			mainGroup = A9D58A6822C4E49F00E608B8;
			packageReferences = (
			);
			productRefGroup = A9D58A7222C4E49F00E608B8 /* Products */;
			projectDirPath = "";
			projectRoot = "";
			targets = (
				A9D58A7022C4E49F00E608B8 /* DecisionPoker */,
				1BDC638B2666C97300C5CA01 /* DecisionPokerWidgetExtension */,
			);
		};
/* End PBXProject section */

/* Begin PBXResourcesBuildPhase section */
		1BDC638A2666C97300C5CA01 /* Resources */ = {
			isa = PBXResourcesBuildPhase;
			buildActionMask = 2147483647;
			files = (
				1BDC63972666C97600C5CA01 /* Assets.xcassets in Resources */,
				1B206ECA26B86E2C00B19F46 /* Assets.xcassets in Resources */,
				1B206EC926B86DF300B19F46 /* Colors.xcassets in Resources */,
			);
			runOnlyForDeploymentPostprocessing = 0;
		};
		A9D58A6F22C4E49F00E608B8 /* Resources */ = {
			isa = PBXResourcesBuildPhase;
			buildActionMask = 2147483647;
			files = (
				1B29CFF8254F586E00406090 /* Colors.xcassets in Resources */,
				1B9F59C722E8F054009B5129 /* Localizable.strings in Resources */,
				A9D58A7F22C4E4A000E608B8 /* Assets.xcassets in Resources */,
				1B9F59C422E8F054009B5129 /* InfoPlist.strings in Resources */,
			);
			runOnlyForDeploymentPostprocessing = 0;
		};
/* End PBXResourcesBuildPhase section */

/* Begin PBXShellScriptBuildPhase section */
		1B33709422EA163300F6BD8D /* ShellScript */ = {
			isa = PBXShellScriptBuildPhase;
			alwaysOutOfDate = 1;
			buildActionMask = 2147483647;
			files = (
			);
			inputFileListPaths = (
			);
			inputPaths = (
			);
			outputFileListPaths = (
			);
			outputPaths = (
			);
			runOnlyForDeploymentPostprocessing = 0;
			shellPath = /bin/sh;
			shellScript = "\nif which swiftlint >/dev/null; then\n  swiftlint\nelse\n  echo \"warning: SwiftLint not installed, download from https://github.com/realm/SwiftLint\"\nfi\n";
		};
/* End PBXShellScriptBuildPhase section */

/* Begin PBXSourcesBuildPhase section */
		1BDC63882666C97300C5CA01 /* Sources */ = {
			isa = PBXSourcesBuildPhase;
			buildActionMask = 2147483647;
			files = (
				1BDC63992666C97600C5CA01 /* DecisionPokerWidget.intentdefinition in Sources */,
				1B206EC826B86D7F00B19F46 /* ColorManager.swift in Sources */,
				1BD5E39726CD4A1C0051D76A /* decision.swift in Sources */,
				1BDC63AE266977D000C5CA01 /* DecisionPoker.xcdatamodeld in Sources */,
				1BDC63942666C97300C5CA01 /* DecisionPokerWidget.swift in Sources */,
			);
			runOnlyForDeploymentPostprocessing = 0;
		};
		A9D58A6D22C4E49F00E608B8 /* Sources */ = {
			isa = PBXSourcesBuildPhase;
			buildActionMask = 2147483647;
			files = (
				1B7F909122D34F2100812BE4 /* SavedCard+CoreDataProperties.swift in Sources */,
				1B2BA1FA251CE10A00CCABE9 /* CustomToggle.swift in Sources */,
				1BD5E39526CD40B30051D76A /* saveJSON.swift in Sources */,
				1B5479B82A1F9A740093D5C2 /* SuitsView.swift in Sources */,
				1BF3D14325698309003A9246 /* MailView.swift in Sources */,
				1B51FB3224A3974700F4E80F /* SavedResultsSwiftUIView.swift in Sources */,
				1B1902C724AA906900F1E94B /* DirectionsSwiftUIView.swift in Sources */,
				1B7F908F22D34F2100812BE4 /* SavedDeck+CoreDataProperties.swift in Sources */,
				1B51FB4324A3F9CB00F4E80F /* DecksSwiftUIView.swift in Sources */,
				1BDC639A2666C97600C5CA01 /* DecisionPokerWidget.intentdefinition in Sources */,
				1B1902D524ACDC4600F1E94B /* CheatPickerView.swift in Sources */,
				1BDC63BE266AA8A500C5CA01 /* decision.swift in Sources */,
				1B1902CD24AC7D9300F1E94B /* CardCell.swift in Sources */,
				1B51FB3F24A3E5DA00F4E80F /* StartSwiftUIView.swift in Sources */,
				1B1902C324AA46B000F1E94B /* AddDeckView.swift in Sources */,
				1B1902C124AA397D00F1E94B /* DeckCell.swift in Sources */,
				1B1902C524AA523D00F1E94B /* TextView.swift in Sources */,
				1B6437552A1D488F002BC3D5 /* DecisionPokerApp.swift in Sources */,
				1B96E50C251A9081007420F2 /* dismissKeyboardExtension.swift in Sources */,
				1B6437772A1D4C94002BC3D5 /* Persistence.swift in Sources */,
				1B7F908C22D34F2100812BE4 /* Card+CoreDataClass.swift in Sources */,
				1B29CFFB254F5B4800406090 /* ColorManager.swift in Sources */,
				1B7F909222D34F2100812BE4 /* Deck+CoreDataClass.swift in Sources */,
				1B31DDC724BCC30E0014F318 /* DynamicTypeCustomFont.swift in Sources */,
				1B1902D824ADC8A400F1E94B /* FinalResultSwiftUIView.swift in Sources */,
				1B68D03F24A64D86004B02F2 /* CardsSwiftUIView.swift in Sources */,
				1B5479B42A1D65020093D5C2 /* ContentView.swift in Sources */,
				1B29CFEC254B5F8100406090 /* SettingsUIView.swift in Sources */,
				A9D58A7D22C4E49F00E608B8 /* DecisionPoker.xcdatamodeld in Sources */,
				1B21A06724A73C3D00A56F34 /* Binding.swift in Sources */,
				1B7F909022D34F2100812BE4 /* SavedCard+CoreDataClass.swift in Sources */,
				1B31DDC924BCDB270014F318 /* ButtonStyle.swift in Sources */,
				A98F9F8D22D72A8A00C14787 /* FontSetup.swift in Sources */,
				1B7F908D22D34F2100812BE4 /* Card+CoreDataProperties.swift in Sources */,
				1B1902D324AC988200F1E94B /* DealResultSwiftUIView.swift in Sources */,
				1B1902D124AC866100F1E94B /* AddCardView.swift in Sources */,
				1B51FB4724A4934000F4E80F /* ThemeManager.swift in Sources */,
				1B7F909322D34F2100812BE4 /* Deck+CoreDataProperties.swift in Sources */,
				1B7F908E22D34F2100812BE4 /* SavedDeck+CoreDataClass.swift in Sources */,
				1B29CFD9254A14A100406090 /* ActivityViewController.swift in Sources */,
				1B5479B62A1D653C0093D5C2 /* AppTabNavigation.swift in Sources */,
			);
			runOnlyForDeploymentPostprocessing = 0;
		};
/* End PBXSourcesBuildPhase section */

/* Begin PBXTargetDependency section */
		1BDC639C2666C97600C5CA01 /* PBXTargetDependency */ = {
			isa = PBXTargetDependency;
			target = 1BDC638B2666C97300C5CA01 /* DecisionPokerWidgetExtension */;
			targetProxy = 1BDC639B2666C97600C5CA01 /* PBXContainerItemProxy */;
		};
/* End PBXTargetDependency section */

/* Begin PBXVariantGroup section */
		1B9F59C222E8F054009B5129 /* InfoPlist.strings */ = {
			isa = PBXVariantGroup;
			children = (
				1B9F59C322E8F054009B5129 /* de */,
			);
			name = InfoPlist.strings;
			sourceTree = "<group>";
		};
		1B9F59C522E8F054009B5129 /* Localizable.strings */ = {
			isa = PBXVariantGroup;
			children = (
				1B9F59C622E8F054009B5129 /* de */,
				1B7CCD2522EB4A8F00999AEA /* en */,
			);
			name = Localizable.strings;
			sourceTree = "<group>";
		};
/* End PBXVariantGroup section */

/* Begin XCBuildConfiguration section */
		1BDC639F2666C97600C5CA01 /* Debug */ = {
			isa = XCBuildConfiguration;
			buildSettings = {
				ASSETCATALOG_COMPILER_GLOBAL_ACCENT_COLOR_NAME = AccentColor;
				ASSETCATALOG_COMPILER_WIDGET_BACKGROUND_COLOR_NAME = WidgetBackground;
				CODE_SIGN_ENTITLEMENTS = DecisionPokerWidgetExtension.entitlements;
				CODE_SIGN_IDENTITY = "Apple Development";
				CODE_SIGN_STYLE = Automatic;
				CURRENT_PROJECT_VERSION = 2;
				DEVELOPMENT_TEAM = 7H3T6272BD;
				INFOPLIST_FILE = DecisionPokerWidget/Info.plist;
				IPHONEOS_DEPLOYMENT_TARGET = 14.5;
				LD_RUNPATH_SEARCH_PATHS = (
					"$(inherited)",
					"@executable_path/Frameworks",
					"@executable_path/../../Frameworks",
				);
				MARKETING_VERSION = 2.1;
				PRODUCT_BUNDLE_IDENTIFIER = de.ipomic.DecisionPoker.DecisionPokerWidget;
				PRODUCT_NAME = "$(TARGET_NAME)";
				SKIP_INSTALL = YES;
				SWIFT_VERSION = 5.0;
				TARGETED_DEVICE_FAMILY = "1,2";
			};
			name = Debug;
		};
		1BDC63A02666C97600C5CA01 /* Release */ = {
			isa = XCBuildConfiguration;
			buildSettings = {
				ASSETCATALOG_COMPILER_GLOBAL_ACCENT_COLOR_NAME = AccentColor;
				ASSETCATALOG_COMPILER_WIDGET_BACKGROUND_COLOR_NAME = WidgetBackground;
				CODE_SIGN_ENTITLEMENTS = DecisionPokerWidgetExtensionRelease.entitlements;
				CODE_SIGN_IDENTITY = "Apple Development";
				CODE_SIGN_STYLE = Automatic;
				CURRENT_PROJECT_VERSION = 2;
				DEVELOPMENT_TEAM = 7H3T6272BD;
				INFOPLIST_FILE = DecisionPokerWidget/Info.plist;
				IPHONEOS_DEPLOYMENT_TARGET = 14.5;
				LD_RUNPATH_SEARCH_PATHS = (
					"$(inherited)",
					"@executable_path/Frameworks",
					"@executable_path/../../Frameworks",
				);
				MARKETING_VERSION = 2.1;
				PRODUCT_BUNDLE_IDENTIFIER = de.ipomic.DecisionPoker.DecisionPokerWidget;
				PRODUCT_NAME = "$(TARGET_NAME)";
				SKIP_INSTALL = YES;
				SWIFT_VERSION = 5.0;
				TARGETED_DEVICE_FAMILY = "1,2";
			};
			name = Release;
		};
		A9D58A9A22C4E4A000E608B8 /* Debug */ = {
			isa = XCBuildConfiguration;
			buildSettings = {
				ALWAYS_SEARCH_USER_PATHS = NO;
				CLANG_ANALYZER_LOCALIZABILITY_NONLOCALIZED = YES;
				CLANG_ANALYZER_NONNULL = YES;
				CLANG_ANALYZER_NUMBER_OBJECT_CONVERSION = YES_AGGRESSIVE;
				CLANG_CXX_LANGUAGE_STANDARD = "gnu++14";
				CLANG_CXX_LIBRARY = "libc++";
				CLANG_ENABLE_MODULES = YES;
				CLANG_ENABLE_OBJC_ARC = YES;
				CLANG_ENABLE_OBJC_WEAK = YES;
				CLANG_WARN_BLOCK_CAPTURE_AUTORELEASING = YES;
				CLANG_WARN_BOOL_CONVERSION = YES;
				CLANG_WARN_COMMA = YES;
				CLANG_WARN_CONSTANT_CONVERSION = YES;
				CLANG_WARN_DEPRECATED_OBJC_IMPLEMENTATIONS = YES;
				CLANG_WARN_DIRECT_OBJC_ISA_USAGE = YES_ERROR;
				CLANG_WARN_DOCUMENTATION_COMMENTS = YES;
				CLANG_WARN_EMPTY_BODY = YES;
				CLANG_WARN_ENUM_CONVERSION = YES;
				CLANG_WARN_INFINITE_RECURSION = YES;
				CLANG_WARN_INT_CONVERSION = YES;
				CLANG_WARN_NON_LITERAL_NULL_CONVERSION = YES;
				CLANG_WARN_OBJC_IMPLICIT_RETAIN_SELF = YES;
				CLANG_WARN_OBJC_LITERAL_CONVERSION = YES;
				CLANG_WARN_OBJC_ROOT_CLASS = YES_ERROR;
				CLANG_WARN_QUOTED_INCLUDE_IN_FRAMEWORK_HEADER = YES;
				CLANG_WARN_RANGE_LOOP_ANALYSIS = YES;
				CLANG_WARN_STRICT_PROTOTYPES = YES;
				CLANG_WARN_SUSPICIOUS_MOVE = YES;
				CLANG_WARN_UNGUARDED_AVAILABILITY = YES_AGGRESSIVE;
				CLANG_WARN_UNREACHABLE_CODE = YES;
				CLANG_WARN__DUPLICATE_METHOD_MATCH = YES;
				CODE_SIGN_IDENTITY = "iPhone Developer";
				COPY_PHASE_STRIP = NO;
				DEBUG_INFORMATION_FORMAT = dwarf;
				ENABLE_STRICT_OBJC_MSGSEND = YES;
				ENABLE_TESTABILITY = YES;
				GCC_C_LANGUAGE_STANDARD = gnu11;
				GCC_DYNAMIC_NO_PIC = NO;
				GCC_NO_COMMON_BLOCKS = YES;
				GCC_OPTIMIZATION_LEVEL = 0;
				GCC_PREPROCESSOR_DEFINITIONS = (
					"DEBUG=1",
					"$(inherited)",
				);
				GCC_WARN_64_TO_32_BIT_CONVERSION = YES;
				GCC_WARN_ABOUT_RETURN_TYPE = YES_ERROR;
				GCC_WARN_UNDECLARED_SELECTOR = YES;
				GCC_WARN_UNINITIALIZED_AUTOS = YES_AGGRESSIVE;
				GCC_WARN_UNUSED_FUNCTION = YES;
				GCC_WARN_UNUSED_VARIABLE = YES;
				IPHONEOS_DEPLOYMENT_TARGET = 16.0;
				MTL_ENABLE_DEBUG_INFO = INCLUDE_SOURCE;
				MTL_FAST_MATH = YES;
				ONLY_ACTIVE_ARCH = YES;
				SDKROOT = iphoneos;
				SWIFT_ACTIVE_COMPILATION_CONDITIONS = DEBUG;
				SWIFT_OPTIMIZATION_LEVEL = "-Onone";
			};
			name = Debug;
		};
		A9D58A9B22C4E4A000E608B8 /* Release */ = {
			isa = XCBuildConfiguration;
			buildSettings = {
				ALWAYS_SEARCH_USER_PATHS = NO;
				CLANG_ANALYZER_LOCALIZABILITY_NONLOCALIZED = YES;
				CLANG_ANALYZER_NONNULL = YES;
				CLANG_ANALYZER_NUMBER_OBJECT_CONVERSION = YES_AGGRESSIVE;
				CLANG_CXX_LANGUAGE_STANDARD = "gnu++14";
				CLANG_CXX_LIBRARY = "libc++";
				CLANG_ENABLE_MODULES = YES;
				CLANG_ENABLE_OBJC_ARC = YES;
				CLANG_ENABLE_OBJC_WEAK = YES;
				CLANG_WARN_BLOCK_CAPTURE_AUTORELEASING = YES;
				CLANG_WARN_BOOL_CONVERSION = YES;
				CLANG_WARN_COMMA = YES;
				CLANG_WARN_CONSTANT_CONVERSION = YES;
				CLANG_WARN_DEPRECATED_OBJC_IMPLEMENTATIONS = YES;
				CLANG_WARN_DIRECT_OBJC_ISA_USAGE = YES_ERROR;
				CLANG_WARN_DOCUMENTATION_COMMENTS = YES;
				CLANG_WARN_EMPTY_BODY = YES;
				CLANG_WARN_ENUM_CONVERSION = YES;
				CLANG_WARN_INFINITE_RECURSION = YES;
				CLANG_WARN_INT_CONVERSION = YES;
				CLANG_WARN_NON_LITERAL_NULL_CONVERSION = YES;
				CLANG_WARN_OBJC_IMPLICIT_RETAIN_SELF = YES;
				CLANG_WARN_OBJC_LITERAL_CONVERSION = YES;
				CLANG_WARN_OBJC_ROOT_CLASS = YES_ERROR;
				CLANG_WARN_QUOTED_INCLUDE_IN_FRAMEWORK_HEADER = YES;
				CLANG_WARN_RANGE_LOOP_ANALYSIS = YES;
				CLANG_WARN_STRICT_PROTOTYPES = YES;
				CLANG_WARN_SUSPICIOUS_MOVE = YES;
				CLANG_WARN_UNGUARDED_AVAILABILITY = YES_AGGRESSIVE;
				CLANG_WARN_UNREACHABLE_CODE = YES;
				CLANG_WARN__DUPLICATE_METHOD_MATCH = YES;
				CODE_SIGN_IDENTITY = "iPhone Developer";
				COPY_PHASE_STRIP = NO;
				DEBUG_INFORMATION_FORMAT = "dwarf-with-dsym";
				ENABLE_NS_ASSERTIONS = NO;
				ENABLE_STRICT_OBJC_MSGSEND = YES;
				GCC_C_LANGUAGE_STANDARD = gnu11;
				GCC_NO_COMMON_BLOCKS = YES;
				GCC_WARN_64_TO_32_BIT_CONVERSION = YES;
				GCC_WARN_ABOUT_RETURN_TYPE = YES_ERROR;
				GCC_WARN_UNDECLARED_SELECTOR = YES;
				GCC_WARN_UNINITIALIZED_AUTOS = YES_AGGRESSIVE;
				GCC_WARN_UNUSED_FUNCTION = YES;
				GCC_WARN_UNUSED_VARIABLE = YES;
				IPHONEOS_DEPLOYMENT_TARGET = 16.0;
				MTL_ENABLE_DEBUG_INFO = NO;
				MTL_FAST_MATH = YES;
				SDKROOT = iphoneos;
				SWIFT_COMPILATION_MODE = wholemodule;
				SWIFT_OPTIMIZATION_LEVEL = "-O";
				VALIDATE_PRODUCT = YES;
			};
			name = Release;
		};
		A9D58A9D22C4E4A000E608B8 /* Debug */ = {
			isa = XCBuildConfiguration;
			buildSettings = {
				ALWAYS_EMBED_SWIFT_STANDARD_LIBRARIES = YES;
				ASSETCATALOG_COMPILER_APPICON_NAME = AppIcon;
				CODE_SIGN_ENTITLEMENTS = DecisionPoker/DecisionPoker.entitlements;
				CODE_SIGN_IDENTITY = "Apple Development";
				CODE_SIGN_STYLE = Automatic;
				CURRENT_PROJECT_VERSION = 1;
				DEVELOPMENT_TEAM = 7H3T6272BD;
				INFOPLIST_FILE = DecisionPoker/Info.plist;
				IPHONEOS_DEPLOYMENT_TARGET = 16.0;
				LD_RUNPATH_SEARCH_PATHS = (
					"$(inherited)",
					"@executable_path/Frameworks",
				);
				MARKETING_VERSION = 2023.1;
				PRODUCT_BUNDLE_IDENTIFIER = de.ipomic.DecisionPoker;
				PRODUCT_NAME = "$(TARGET_NAME)";
				PROVISIONING_PROFILE_SPECIFIER = "";
				SUPPORTED_PLATFORMS = "iphoneos iphonesimulator";
				SUPPORTS_MACCATALYST = NO;
				SUPPORTS_MAC_DESIGNED_FOR_IPHONE_IPAD = YES;
				SWIFT_VERSION = 5.0;
				TARGETED_DEVICE_FAMILY = "1,2";
			};
			name = Debug;
		};
		A9D58A9E22C4E4A000E608B8 /* Release */ = {
			isa = XCBuildConfiguration;
			buildSettings = {
				ALWAYS_EMBED_SWIFT_STANDARD_LIBRARIES = YES;
				ASSETCATALOG_COMPILER_APPICON_NAME = AppIcon;
				CODE_SIGN_ENTITLEMENTS = DecisionPoker/DecisionPokerRelease.entitlements;
				CODE_SIGN_IDENTITY = "Apple Development";
				CODE_SIGN_STYLE = Automatic;
				CURRENT_PROJECT_VERSION = 1;
				DEVELOPMENT_TEAM = 7H3T6272BD;
				INFOPLIST_FILE = DecisionPoker/Info.plist;
				IPHONEOS_DEPLOYMENT_TARGET = 16.0;
				LD_RUNPATH_SEARCH_PATHS = (
					"$(inherited)",
					"@executable_path/Frameworks",
				);
				MARKETING_VERSION = 2023.1;
				PRODUCT_BUNDLE_IDENTIFIER = de.ipomic.DecisionPoker;
				PRODUCT_NAME = "$(TARGET_NAME)";
				PROVISIONING_PROFILE_SPECIFIER = "";
				SUPPORTED_PLATFORMS = "iphoneos iphonesimulator";
				SUPPORTS_MACCATALYST = NO;
				SUPPORTS_MAC_DESIGNED_FOR_IPHONE_IPAD = YES;
				SWIFT_VERSION = 5.0;
				TARGETED_DEVICE_FAMILY = "1,2";
			};
			name = Release;
		};
/* End XCBuildConfiguration section */

/* Begin XCConfigurationList section */
		1BDC63A12666C97600C5CA01 /* Build configuration list for PBXNativeTarget "DecisionPokerWidgetExtension" */ = {
			isa = XCConfigurationList;
			buildConfigurations = (
				1BDC639F2666C97600C5CA01 /* Debug */,
				1BDC63A02666C97600C5CA01 /* Release */,
			);
			defaultConfigurationIsVisible = 0;
			defaultConfigurationName = Release;
		};
		A9D58A6C22C4E49F00E608B8 /* Build configuration list for PBXProject "DecisionPoker" */ = {
			isa = XCConfigurationList;
			buildConfigurations = (
				A9D58A9A22C4E4A000E608B8 /* Debug */,
				A9D58A9B22C4E4A000E608B8 /* Release */,
			);
			defaultConfigurationIsVisible = 0;
			defaultConfigurationName = Release;
		};
		A9D58A9C22C4E4A000E608B8 /* Build configuration list for PBXNativeTarget "DecisionPoker" */ = {
			isa = XCConfigurationList;
			buildConfigurations = (
				A9D58A9D22C4E4A000E608B8 /* Debug */,
				A9D58A9E22C4E4A000E608B8 /* Release */,
			);
			defaultConfigurationIsVisible = 0;
			defaultConfigurationName = Release;
		};
/* End XCConfigurationList section */

/* Begin XCVersionGroup section */
		A9D58A7B22C4E49F00E608B8 /* DecisionPoker.xcdatamodeld */ = {
			isa = XCVersionGroup;
			children = (
				1B51FB2824A391E200F4E80F /* DecisionPoker 2.xcdatamodel */,
				A9D58A7C22C4E49F00E608B8 /* DecisionPoker.xcdatamodel */,
			);
			currentVersion = 1B51FB2824A391E200F4E80F /* DecisionPoker 2.xcdatamodel */;
			path = DecisionPoker.xcdatamodeld;
			sourceTree = "<group>";
			versionGroupType = wrapper.xcdatamodel;
		};
/* End XCVersionGroup section */
	};
	rootObject = A9D58A6922C4E49F00E608B8 /* Project object */;
}
